
Microsoft Visual Studio Solution File, Format Version 12.00
# Visual Studio Version 16
VisualStudioVersion = 16.0.810.5
MinimumVisualStudioVersion = 10.0.40219.1
Project("{FAE04EC0-301F-11D3-BF4B-00C04F79EFBC}") = "Aircraft.Tasks.Api", "Aircraft.Tasks.Api\Aircraft.Tasks.Api.csproj", "{3907A2C1-927E-413D-A715-23E7E7878ABB}"
EndProject
Project("{FAE04EC0-301F-11D3-BF4B-00C04F79EFBC}") = "Aircraft.Tasks.Core", "Aircraft.Tasks.Core\Aircraft.Tasks.Core.csproj", "{2FCE3D75-8590-4851-A4D1-49E784705643}"
EndProject
Project("{FAE04EC0-301F-11D3-BF4B-00C04F79EFBC}") = "Aircraft.Tasks.Internal", "Aircraft.Tasks.Internal\Aircraft.Tasks.Internal.csproj", "{F2CD7B13-10D7-475D-AD1B-A4262A058FF5}"
EndProject
Project("{FAE04EC0-301F-11D3-BF4B-00C04F79EFBC}") = "Aircraft.Tasks.Internal.Tests", "Aircraft.Tasks.Internal.Tests\Aircraft.Tasks.Internal.Tests.csproj", "{6C41534D-2C47-4810-B607-510C84758E75}"
EndProject
Project("{E53339B2-1760-4266-BCC7-CA923CBCF16C}") = "docker-compose", "docker-compose.dcproj", "{807B8E29-DB53-4CAC-8B81-81648AA6FB28}"
EndProject
Project("{FAE04EC0-301F-11D3-BF4B-00C04F79EFBC}") = "Aircraft.Tasks.Worker", "Aircraft.Tasks.Worker\Aircraft.Tasks.Worker.csproj", "{E71CCAA7-E0D2-4E58-BAC6-36F41A5A0262}"
EndProject
Global
	GlobalSection(SolutionConfigurationPlatforms) = preSolution
		Debug|Any CPU = Debug|Any CPU
		Release|Any CPU = Release|Any CPU
	EndGlobalSection
	GlobalSection(ProjectConfigurationPlatforms) = postSolution
		{3907A2C1-927E-413D-A715-23E7E7878ABB}.Debug|Any CPU.ActiveCfg = Debug|Any CPU
		{3907A2C1-927E-413D-A715-23E7E7878ABB}.Debug|Any CPU.Build.0 = Debug|Any CPU
		{3907A2C1-927E-413D-A715-23E7E7878ABB}.Release|Any CPU.ActiveCfg = Release|Any CPU
		{3907A2C1-927E-413D-A715-23E7E7878ABB}.Release|Any CPU.Build.0 = Release|Any CPU
		{2FCE3D75-8590-4851-A4D1-49E784705643}.Debug|Any CPU.ActiveCfg = Debug|Any CPU
		{2FCE3D75-8590-4851-A4D1-49E784705643}.Debug|Any CPU.Build.0 = Debug|Any CPU
		{2FCE3D75-8590-4851-A4D1-49E784705643}.Release|Any CPU.ActiveCfg = Release|Any CPU
		{2FCE3D75-8590-4851-A4D1-49E784705643}.Release|Any CPU.Build.0 = Release|Any CPU
		{F2CD7B13-10D7-475D-AD1B-A4262A058FF5}.Debug|Any CPU.ActiveCfg = Debug|Any CPU
		{F2CD7B13-10D7-475D-AD1B-A4262A058FF5}.Debug|Any CPU.Build.0 = Debug|Any CPU
		{F2CD7B13-10D7-475D-AD1B-A4262A058FF5}.Release|Any CPU.ActiveCfg = Release|Any CPU
		{F2CD7B13-10D7-475D-AD1B-A4262A058FF5}.Release|Any CPU.Build.0 = Release|Any CPU
		{6C41534D-2C47-4810-B607-510C84758E75}.Debug|Any CPU.ActiveCfg = Debug|Any CPU
		{6C41534D-2C47-4810-B607-510C84758E75}.Debug|Any CPU.Build.0 = Debug|Any CPU
		{6C41534D-2C47-4810-B607-510C84758E75}.Release|Any CPU.ActiveCfg = Release|Any CPU
		{6C41534D-2C47-4810-B607-510C84758E75}.Release|Any CPU.Build.0 = Release|Any CPU
		{807B8E29-DB53-4CAC-8B81-81648AA6FB28}.Debug|Any CPU.ActiveCfg = Debug|Any CPU
		{807B8E29-DB53-4CAC-8B81-81648AA6FB28}.Debug|Any CPU.Build.0 = Debug|Any CPU
		{807B8E29-DB53-4CAC-8B81-81648AA6FB28}.Release|Any CPU.ActiveCfg = Release|Any CPU
		{807B8E29-DB53-4CAC-8B81-81648AA6FB28}.Release|Any CPU.Build.0 = Release|Any CPU
		{E71CCAA7-E0D2-4E58-BAC6-36F41A5A0262}.Debug|Any CPU.ActiveCfg = Debug|Any CPU
		{E71CCAA7-E0D2-4E58-BAC6-36F41A5A0262}.Debug|Any CPU.Build.0 = Debug|Any CPU
		{E71CCAA7-E0D2-4E58-BAC6-36F41A5A0262}.Release|Any CPU.ActiveCfg = Release|Any CPU
		{E71CCAA7-E0D2-4E58-BAC6-36F41A5A0262}.Release|Any CPU.Build.0 = Release|Any CPU
	EndGlobalSection
	GlobalSection(SolutionProperties) = preSolution
		HideSolutionNode = FALSE
	EndGlobalSection
	GlobalSection(ExtensibilityGlobals) = postSolution
		SolutionGuid = {ED86A610-6740-4AD8-AC58-0F740E2291EE}
	EndGlobalSection
EndGlobal
